
Microsoft Visual Studio Solution File, Format Version 12.00
# Visual Studio Version 17
VisualStudioVersion = 17.14.36518.9
MinimumVisualStudioVersion = 10.0.40219.1
Project("{FAE04EC0-301F-11D3-BF4B-00C04F79EFBC}") = "01_IntroToC#", "01_IntroToC#\01_IntroToC#.csproj", "{5240CF2A-E613-42D7-BCCE-A10E23D806A7}"
EndProject
Project("{FAE04EC0-301F-11D3-BF4B-00C04F79EFBC}") = "02_Array", "02_Array\02_Array.csproj", "{CA5790EB-A78B-42E0-A487-D76A4797E5F1}"
EndProject
Project("{FAE04EC0-301F-11D3-BF4B-00C04F79EFBC}") = "03_01_String", "03_01_String\03_01_String.csproj", "{D125CD7F-D4A4-4578-A22D-1FCFC7DBD5C9}"
EndProject
Project("{FAE04EC0-301F-11D3-BF4B-00C04F79EFBC}") = "03_02_StringBuilder", "03_02_StringBuilder\03_02_StringBuilder.csproj", "{72162C1F-A408-4FE6-B448-8802794D0C77}"
EndProject
Project("{FAE04EC0-301F-11D3-BF4B-00C04F79EFBC}") = "04_IntroToOOP", "04_IntroToOOP\04_IntroToOOP.csproj", "{EFA3C3CB-839B-4891-9039-E179759BBD39}"
EndProject
Project("{FAE04EC0-301F-11D3-BF4B-00C04F79EFBC}") = "05_StructAndClass", "05_StructAndClass\05_StructAndClass.csproj", "{987FD966-3E91-4222-9C06-707F938B0270}"
EndProject
Project("{FAE04EC0-301F-11D3-BF4B-00C04F79EFBC}") = "06_Exeptions", "06_Exeptions\06_Exeptions.csproj", "{E59212C6-8371-4683-99B4-0FE81360943E}"
EndProject
Project("{FAE04EC0-301F-11D3-BF4B-00C04F79EFBC}") = "07_Namespaces", "07_Namespaces\07_Namespaces.csproj", "{C049588B-7457-4074-AB14-CBA827C8E729}"
EndProject
Project("{FAE04EC0-301F-11D3-BF4B-00C04F79EFBC}") = "08_OverloadOperators", "08_OverloadOperators\08_OverloadOperators.csproj", "{29874E07-8020-4699-8001-0B5A43BB8689}"
EndProject
Project("{FAE04EC0-301F-11D3-BF4B-00C04F79EFBC}") = "09_Indexers", "09_Indexers\09_Indexers.csproj", "{5360A495-394B-4833-9930-55EAE2F076A2}"
EndProject
Project("{FAE04EC0-301F-11D3-BF4B-00C04F79EFBC}") = "10_Inheritance", "10_Inheritance\10_Inheritance.csproj", "{FAC6FD3A-0CEE-43C9-B7FC-F654EF7EA39D}"
EndProject
Project("{FAE04EC0-301F-11D3-BF4B-00C04F79EFBC}") = "11_Interfaces", "11_Interfaces\11_Interfaces.csproj", "{7D1337D1-14A0-41D7-8990-0CF79CC3DEDF}"
EndProject
Project("{FAE04EC0-301F-11D3-BF4B-00C04F79EFBC}") = "12_StandartInterfaces", "12_StandartInterfaces\12_StandartInterfaces.csproj", "{AC4B398F-F173-4ED8-AC9A-C8BCEDCB09D4}"
EndProject
Project("{FAE04EC0-301F-11D3-BF4B-00C04F79EFBC}") = "13_Delegates", "13_Delegates\13_Delegates.csproj", "{23A1DE28-5206-4E1F-9EBF-EF37065ACA5F}"
EndProject
Project("{FAE04EC0-301F-11D3-BF4B-00C04F79EFBC}") = "14_Events", "14_Events\14_Events.csproj", "{BCBAFB72-E9EA-478A-BD0E-8FB8D79DBCC4}"
EndProject
Project("{FAE04EC0-301F-11D3-BF4B-00C04F79EFBC}") = "15_Extensions", "15_Extensions\15_Extensions.csproj", "{387BDEA7-D2B7-422E-9DD6-8D2F3BF2B562}"
EndProject
Project("{FAE04EC0-301F-11D3-BF4B-00C04F79EFBC}") = "16_GarbageCollector", "16_GarbageCollector\16_GarbageCollector.csproj", "{75BAAC94-3C24-4A59-B574-E66C91A8055F}"
EndProject
Project("{FAE04EC0-301F-11D3-BF4B-00C04F79EFBC}") = "17_Dictionary", "17_Dictionary\17_Dictionary.csproj", "{EEF5AAF3-09F6-47C3-B748-C43DC92549A7}"
EndProject
Project("{FAE04EC0-301F-11D3-BF4B-00C04F79EFBC}") = "18_Collections", "18_Collections\18_Collections.csproj", "{DAC01290-66F1-4B18-873C-68048BF34ABD}"
EndProject
Project("{FAE04EC0-301F-11D3-BF4B-00C04F79EFBC}") = "19_Generics", "19_Generics\19_Generics.csproj", "{FDC487BD-5ABF-4095-8EAF-9F212EF6D063}"
EndProject
Project("{FAE04EC0-301F-11D3-BF4B-00C04F79EFBC}") = "20_WorkWithFile", "20_WorkWithFile\20_WorkWithFile.csproj", "{0536DF71-8A26-43B1-99B7-7CFDE2951669}"
EndProject
Project("{FAE04EC0-301F-11D3-BF4B-00C04F79EFBC}") = "21_WorhWithDirectory_Files", "21_WorhWithDirectory_Files\21_WorhWithDirectory_Files.csproj", "{50F13676-EF76-4DCC-8A0D-058D1BEE7ED0}"
EndProject
Global
	GlobalSection(SolutionConfigurationPlatforms) = preSolution
		Debug|Any CPU = Debug|Any CPU
		Release|Any CPU = Release|Any CPU
	EndGlobalSection
	GlobalSection(ProjectConfigurationPlatforms) = postSolution
		{5240CF2A-E613-42D7-BCCE-A10E23D806A7}.Debug|Any CPU.ActiveCfg = Debug|Any CPU
		{5240CF2A-E613-42D7-BCCE-A10E23D806A7}.Debug|Any CPU.Build.0 = Debug|Any CPU
		{5240CF2A-E613-42D7-BCCE-A10E23D806A7}.Release|Any CPU.ActiveCfg = Release|Any CPU
		{5240CF2A-E613-42D7-BCCE-A10E23D806A7}.Release|Any CPU.Build.0 = Release|Any CPU
		{CA5790EB-A78B-42E0-A487-D76A4797E5F1}.Debug|Any CPU.ActiveCfg = Debug|Any CPU
		{CA5790EB-A78B-42E0-A487-D76A4797E5F1}.Debug|Any CPU.Build.0 = Debug|Any CPU
		{CA5790EB-A78B-42E0-A487-D76A4797E5F1}.Release|Any CPU.ActiveCfg = Release|Any CPU
		{CA5790EB-A78B-42E0-A487-D76A4797E5F1}.Release|Any CPU.Build.0 = Release|Any CPU
		{D125CD7F-D4A4-4578-A22D-1FCFC7DBD5C9}.Debug|Any CPU.ActiveCfg = Debug|Any CPU
		{D125CD7F-D4A4-4578-A22D-1FCFC7DBD5C9}.Debug|Any CPU.Build.0 = Debug|Any CPU
		{D125CD7F-D4A4-4578-A22D-1FCFC7DBD5C9}.Release|Any CPU.ActiveCfg = Release|Any CPU
		{D125CD7F-D4A4-4578-A22D-1FCFC7DBD5C9}.Release|Any CPU.Build.0 = Release|Any CPU
		{72162C1F-A408-4FE6-B448-8802794D0C77}.Debug|Any CPU.ActiveCfg = Debug|Any CPU
		{72162C1F-A408-4FE6-B448-8802794D0C77}.Debug|Any CPU.Build.0 = Debug|Any CPU
		{72162C1F-A408-4FE6-B448-8802794D0C77}.Release|Any CPU.ActiveCfg = Release|Any CPU
		{72162C1F-A408-4FE6-B448-8802794D0C77}.Release|Any CPU.Build.0 = Release|Any CPU
		{EFA3C3CB-839B-4891-9039-E179759BBD39}.Debug|Any CPU.ActiveCfg = Debug|Any CPU
		{EFA3C3CB-839B-4891-9039-E179759BBD39}.Debug|Any CPU.Build.0 = Debug|Any CPU
		{EFA3C3CB-839B-4891-9039-E179759BBD39}.Release|Any CPU.ActiveCfg = Release|Any CPU
		{EFA3C3CB-839B-4891-9039-E179759BBD39}.Release|Any CPU.Build.0 = Release|Any CPU
		{987FD966-3E91-4222-9C06-707F938B0270}.Debug|Any CPU.ActiveCfg = Debug|Any CPU
		{987FD966-3E91-4222-9C06-707F938B0270}.Debug|Any CPU.Build.0 = Debug|Any CPU
		{987FD966-3E91-4222-9C06-707F938B0270}.Release|Any CPU.ActiveCfg = Release|Any CPU
		{987FD966-3E91-4222-9C06-707F938B0270}.Release|Any CPU.Build.0 = Release|Any CPU
		{E59212C6-8371-4683-99B4-0FE81360943E}.Debug|Any CPU.ActiveCfg = Debug|Any CPU
		{E59212C6-8371-4683-99B4-0FE81360943E}.Debug|Any CPU.Build.0 = Debug|Any CPU
		{E59212C6-8371-4683-99B4-0FE81360943E}.Release|Any CPU.ActiveCfg = Release|Any CPU
		{E59212C6-8371-4683-99B4-0FE81360943E}.Release|Any CPU.Build.0 = Release|Any CPU
		{C049588B-7457-4074-AB14-CBA827C8E729}.Debug|Any CPU.ActiveCfg = Debug|Any CPU
		{C049588B-7457-4074-AB14-CBA827C8E729}.Debug|Any CPU.Build.0 = Debug|Any CPU
		{C049588B-7457-4074-AB14-CBA827C8E729}.Release|Any CPU.ActiveCfg = Release|Any CPU
		{C049588B-7457-4074-AB14-CBA827C8E729}.Release|Any CPU.Build.0 = Release|Any CPU
		{29874E07-8020-4699-8001-0B5A43BB8689}.Debug|Any CPU.ActiveCfg = Debug|Any CPU
		{29874E07-8020-4699-8001-0B5A43BB8689}.Debug|Any CPU.Build.0 = Debug|Any CPU
		{29874E07-8020-4699-8001-0B5A43BB8689}.Release|Any CPU.ActiveCfg = Release|Any CPU
		{29874E07-8020-4699-8001-0B5A43BB8689}.Release|Any CPU.Build.0 = Release|Any CPU
		{5360A495-394B-4833-9930-55EAE2F076A2}.Debug|Any CPU.ActiveCfg = Debug|Any CPU
		{5360A495-394B-4833-9930-55EAE2F076A2}.Debug|Any CPU.Build.0 = Debug|Any CPU
		{5360A495-394B-4833-9930-55EAE2F076A2}.Release|Any CPU.ActiveCfg = Release|Any CPU
		{5360A495-394B-4833-9930-55EAE2F076A2}.Release|Any CPU.Build.0 = Release|Any CPU
		{FAC6FD3A-0CEE-43C9-B7FC-F654EF7EA39D}.Debug|Any CPU.ActiveCfg = Debug|Any CPU
		{FAC6FD3A-0CEE-43C9-B7FC-F654EF7EA39D}.Debug|Any CPU.Build.0 = Debug|Any CPU
		{FAC6FD3A-0CEE-43C9-B7FC-F654EF7EA39D}.Release|Any CPU.ActiveCfg = Release|Any CPU
		{FAC6FD3A-0CEE-43C9-B7FC-F654EF7EA39D}.Release|Any CPU.Build.0 = Release|Any CPU
		{7D1337D1-14A0-41D7-8990-0CF79CC3DEDF}.Debug|Any CPU.ActiveCfg = Debug|Any CPU
		{7D1337D1-14A0-41D7-8990-0CF79CC3DEDF}.Debug|Any CPU.Build.0 = Debug|Any CPU
		{7D1337D1-14A0-41D7-8990-0CF79CC3DEDF}.Release|Any CPU.ActiveCfg = Release|Any CPU
		{7D1337D1-14A0-41D7-8990-0CF79CC3DEDF}.Release|Any CPU.Build.0 = Release|Any CPU
		{AC4B398F-F173-4ED8-AC9A-C8BCEDCB09D4}.Debug|Any CPU.ActiveCfg = Debug|Any CPU
		{AC4B398F-F173-4ED8-AC9A-C8BCEDCB09D4}.Debug|Any CPU.Build.0 = Debug|Any CPU
		{AC4B398F-F173-4ED8-AC9A-C8BCEDCB09D4}.Release|Any CPU.ActiveCfg = Release|Any CPU
		{AC4B398F-F173-4ED8-AC9A-C8BCEDCB09D4}.Release|Any CPU.Build.0 = Release|Any CPU
		{23A1DE28-5206-4E1F-9EBF-EF37065ACA5F}.Debug|Any CPU.ActiveCfg = Debug|Any CPU
		{23A1DE28-5206-4E1F-9EBF-EF37065ACA5F}.Debug|Any CPU.Build.0 = Debug|Any CPU
		{23A1DE28-5206-4E1F-9EBF-EF37065ACA5F}.Release|Any CPU.ActiveCfg = Release|Any CPU
		{23A1DE28-5206-4E1F-9EBF-EF37065ACA5F}.Release|Any CPU.Build.0 = Release|Any CPU
		{BCBAFB72-E9EA-478A-BD0E-8FB8D79DBCC4}.Debug|Any CPU.ActiveCfg = Debug|Any CPU
		{BCBAFB72-E9EA-478A-BD0E-8FB8D79DBCC4}.Debug|Any CPU.Build.0 = Debug|Any CPU
		{BCBAFB72-E9EA-478A-BD0E-8FB8D79DBCC4}.Release|Any CPU.ActiveCfg = Release|Any CPU
		{BCBAFB72-E9EA-478A-BD0E-8FB8D79DBCC4}.Release|Any CPU.Build.0 = Release|Any CPU
		{387BDEA7-D2B7-422E-9DD6-8D2F3BF2B562}.Debug|Any CPU.ActiveCfg = Debug|Any CPU
		{387BDEA7-D2B7-422E-9DD6-8D2F3BF2B562}.Debug|Any CPU.Build.0 = Debug|Any CPU
		{387BDEA7-D2B7-422E-9DD6-8D2F3BF2B562}.Release|Any CPU.ActiveCfg = Release|Any CPU
		{387BDEA7-D2B7-422E-9DD6-8D2F3BF2B562}.Release|Any CPU.Build.0 = Release|Any CPU
		{75BAAC94-3C24-4A59-B574-E66C91A8055F}.Debug|Any CPU.ActiveCfg = Debug|Any CPU
		{75BAAC94-3C24-4A59-B574-E66C91A8055F}.Debug|Any CPU.Build.0 = Debug|Any CPU
		{75BAAC94-3C24-4A59-B574-E66C91A8055F}.Release|Any CPU.ActiveCfg = Release|Any CPU
		{75BAAC94-3C24-4A59-B574-E66C91A8055F}.Release|Any CPU.Build.0 = Release|Any CPU
		{EEF5AAF3-09F6-47C3-B748-C43DC92549A7}.Debug|Any CPU.ActiveCfg = Debug|Any CPU
		{EEF5AAF3-09F6-47C3-B748-C43DC92549A7}.Debug|Any CPU.Build.0 = Debug|Any CPU
		{EEF5AAF3-09F6-47C3-B748-C43DC92549A7}.Release|Any CPU.ActiveCfg = Release|Any CPU
		{EEF5AAF3-09F6-47C3-B748-C43DC92549A7}.Release|Any CPU.Build.0 = Release|Any CPU
		{DAC01290-66F1-4B18-873C-68048BF34ABD}.Debug|Any CPU.ActiveCfg = Debug|Any CPU
		{DAC01290-66F1-4B18-873C-68048BF34ABD}.Debug|Any CPU.Build.0 = Debug|Any CPU
		{DAC01290-66F1-4B18-873C-68048BF34ABD}.Release|Any CPU.ActiveCfg = Release|Any CPU
		{DAC01290-66F1-4B18-873C-68048BF34ABD}.Release|Any CPU.Build.0 = Release|Any CPU
		{FDC487BD-5ABF-4095-8EAF-9F212EF6D063}.Debug|Any CPU.ActiveCfg = Debug|Any CPU
		{FDC487BD-5ABF-4095-8EAF-9F212EF6D063}.Debug|Any CPU.Build.0 = Debug|Any CPU
		{FDC487BD-5ABF-4095-8EAF-9F212EF6D063}.Release|Any CPU.ActiveCfg = Release|Any CPU
		{FDC487BD-5ABF-4095-8EAF-9F212EF6D063}.Release|Any CPU.Build.0 = Release|Any CPU
		{0536DF71-8A26-43B1-99B7-7CFDE2951669}.Debug|Any CPU.ActiveCfg = Debug|Any CPU
		{0536DF71-8A26-43B1-99B7-7CFDE2951669}.Debug|Any CPU.Build.0 = Debug|Any CPU
		{0536DF71-8A26-43B1-99B7-7CFDE2951669}.Release|Any CPU.ActiveCfg = Release|Any CPU
		{0536DF71-8A26-43B1-99B7-7CFDE2951669}.Release|Any CPU.Build.0 = Release|Any CPU
		{50F13676-EF76-4DCC-8A0D-058D1BEE7ED0}.Debug|Any CPU.ActiveCfg = Debug|Any CPU
		{50F13676-EF76-4DCC-8A0D-058D1BEE7ED0}.Debug|Any CPU.Build.0 = Debug|Any CPU
		{50F13676-EF76-4DCC-8A0D-058D1BEE7ED0}.Release|Any CPU.ActiveCfg = Release|Any CPU
		{50F13676-EF76-4DCC-8A0D-058D1BEE7ED0}.Release|Any CPU.Build.0 = Release|Any CPU
	EndGlobalSection
	GlobalSection(SolutionProperties) = preSolution
		HideSolutionNode = FALSE
	EndGlobalSection
	GlobalSection(ExtensibilityGlobals) = postSolution
		SolutionGuid = {8FB923B0-869E-4BCF-89D4-039C7B9787C6}
	EndGlobalSection
EndGlobal
